version = 1
requires-python = ">=3.13"

[[package]]
name = "amqp"
version = "5.2.0"
source = { registry = "https://pypi.org/simple" }
dependencies = [
    { name = "vine" },
]
sdist = { url = "https://files.pythonhosted.org/packages/32/2c/6eb09fbdeb3c060b37bd33f8873832897a83e7a428afe01aad333fc405ec/amqp-5.2.0.tar.gz", hash = "sha256:a1ecff425ad063ad42a486c902807d1482311481c8ad95a72694b2975e75f7fd", size = 128754 }
wheels = [
    { url = "https://files.pythonhosted.org/packages/b3/f0/8e5be5d5e0653d9e1d02b1144efa33ff7d2963dfad07049e02c0fa9b2e8d/amqp-5.2.0-py3-none-any.whl", hash = "sha256:827cb12fb0baa892aad844fd95258143bce4027fdac4fccddbc43330fd281637", size = 50917 },
]

[[package]]
name = "asgiref"
version = "3.8.1"
source = { registry = "https://pypi.org/simple" }
sdist = { url = "https://files.pythonhosted.org/packages/29/38/b3395cc9ad1b56d2ddac9970bc8f4141312dbaec28bc7c218b0dfafd0f42/asgiref-3.8.1.tar.gz", hash = "sha256:c343bd80a0bec947a9860adb4c432ffa7db769836c64238fc34bdc3fec84d590", size = 35186 }
wheels = [
    { url = "https://files.pythonhosted.org/packages/39/e3/893e8757be2612e6c266d9bb58ad2e3651524b5b40cf56761e985a28b13e/asgiref-3.8.1-py3-none-any.whl", hash = "sha256:3e1e3ecc849832fe52ccf2cb6686b7a55f82bb1d6aee72a58826471390335e47", size = 23828 },
]

[[package]]
name = "attrs"
version = "24.2.0"
source = { registry = "https://pypi.org/simple" }
sdist = { url = "https://files.pythonhosted.org/packages/fc/0f/aafca9af9315aee06a89ffde799a10a582fe8de76c563ee80bbcdc08b3fb/attrs-24.2.0.tar.gz", hash = "sha256:5cfb1b9148b5b086569baec03f20d7b6bf3bcacc9a42bebf87ffaaca362f6346", size = 792678 }
wheels = [
    { url = "https://files.pythonhosted.org/packages/6a/21/5b6702a7f963e95456c0de2d495f67bf5fd62840ac655dc451586d23d39a/attrs-24.2.0-py3-none-any.whl", hash = "sha256:81921eb96de3191c8258c199618104dd27ac608d9366f5e35d011eae1867ede2", size = 63001 },
]

[[package]]
name = "billiard"
version = "4.2.0"
source = { registry = "https://pypi.org/simple" }
sdist = { url = "https://files.pythonhosted.org/packages/09/52/f10d74fd56e73b430c37417658158ad8386202b069b70ff97d945c3ab67a/billiard-4.2.0.tar.gz", hash = "sha256:9a3c3184cb275aa17a732f93f65b20c525d3d9f253722d26a82194803ade5a2c", size = 154665 }
wheels = [
    { url = "https://files.pythonhosted.org/packages/50/8d/6e9fdeeab04d803abc5a715175f87e88893934d5590595eacff23ca12b07/billiard-4.2.0-py3-none-any.whl", hash = "sha256:07aa978b308f334ff8282bd4a746e681b3513db5c9a514cbdd810cbbdc19714d", size = 86720 },
]

[[package]]
name = "brotli"
version = "1.1.0"
source = { registry = "https://pypi.org/simple" }
sdist = { url = "https://files.pythonhosted.org/packages/2f/c2/f9e977608bdf958650638c3f1e28f85a1b075f075ebbe77db8555463787b/Brotli-1.1.0.tar.gz", hash = "sha256:81de08ac11bcb85841e440c13611c00b67d3bf82698314928d0b676362546724", size = 7372270 }
wheels = [
    { url = "https://files.pythonhosted.org/packages/0a/9f/fb37bb8ffc52a8da37b1c03c459a8cd55df7a57bdccd8831d500e994a0ca/Brotli-1.1.0-cp313-cp313-macosx_10_13_universal2.whl", hash = "sha256:8bf32b98b75c13ec7cf774164172683d6e7891088f6316e54425fde1efc276d5", size = 815681 },
    { url = "https://files.pythonhosted.org/packages/06/b3/dbd332a988586fefb0aa49c779f59f47cae76855c2d00f450364bb574cac/Brotli-1.1.0-cp313-cp313-macosx_10_13_x86_64.whl", hash = "sha256:7bc37c4d6b87fb1017ea28c9508b36bbcb0c3d18b4260fcdf08b200c74a6aee8", size = 422475 },
    { url = "https://files.pythonhosted.org/packages/bb/80/6aaddc2f63dbcf2d93c2d204e49c11a9ec93a8c7c63261e2b4bd35198283/Brotli-1.1.0-cp313-cp313-manylinux_2_17_aarch64.manylinux2014_aarch64.whl", hash = "sha256:3c0ef38c7a7014ffac184db9e04debe495d317cc9c6fb10071f7fefd93100a4f", size = 2906173 },
    { url = "https://files.pythonhosted.org/packages/ea/1d/e6ca79c96ff5b641df6097d299347507d39a9604bde8915e76bf026d6c77/Brotli-1.1.0-cp313-cp313-manylinux_2_17_ppc64le.manylinux2014_ppc64le.whl", hash = "sha256:91d7cc2a76b5567591d12c01f019dd7afce6ba8cba6571187e21e2fc418ae648", size = 2943803 },
    { url = "https://files.pythonhosted.org/packages/ac/a3/d98d2472e0130b7dd3acdbb7f390d478123dbf62b7d32bda5c830a96116d/Brotli-1.1.0-cp313-cp313-manylinux_2_17_x86_64.manylinux2014_x86_64.whl", hash = "sha256:a93dde851926f4f2678e704fadeb39e16c35d8baebd5252c9fd94ce8ce68c4a0", size = 2918946 },
    { url = "https://files.pythonhosted.org/packages/c4/a5/c69e6d272aee3e1423ed005d8915a7eaa0384c7de503da987f2d224d0721/Brotli-1.1.0-cp313-cp313-manylinux_2_5_i686.manylinux1_i686.manylinux_2_17_i686.manylinux2014_i686.whl", hash = "sha256:f0db75f47be8b8abc8d9e31bc7aad0547ca26f24a54e6fd10231d623f183d089", size = 2845707 },
    { url = "https://files.pythonhosted.org/packages/58/9f/4149d38b52725afa39067350696c09526de0125ebfbaab5acc5af28b42ea/Brotli-1.1.0-cp313-cp313-musllinux_1_2_aarch64.whl", hash = "sha256:6967ced6730aed543b8673008b5a391c3b1076d834ca438bbd70635c73775368", size = 2936231 },
    { url = "https://files.pythonhosted.org/packages/5a/5a/145de884285611838a16bebfdb060c231c52b8f84dfbe52b852a15780386/Brotli-1.1.0-cp313-cp313-musllinux_1_2_i686.whl", hash = "sha256:7eedaa5d036d9336c95915035fb57422054014ebdeb6f3b42eac809928e40d0c", size = 2848157 },
    { url = "https://files.pythonhosted.org/packages/50/ae/408b6bfb8525dadebd3b3dd5b19d631da4f7d46420321db44cd99dcf2f2c/Brotli-1.1.0-cp313-cp313-musllinux_1_2_ppc64le.whl", hash = "sha256:d487f5432bf35b60ed625d7e1b448e2dc855422e87469e3f450aa5552b0eb284", size = 3035122 },
    { url = "https://files.pythonhosted.org/packages/af/85/a94e5cfaa0ca449d8f91c3d6f78313ebf919a0dbd55a100c711c6e9655bc/Brotli-1.1.0-cp313-cp313-musllinux_1_2_x86_64.whl", hash = "sha256:832436e59afb93e1836081a20f324cb185836c617659b07b129141a8426973c7", size = 2930206 },
    { url = "https://files.pythonhosted.org/packages/c2/f0/a61d9262cd01351df22e57ad7c34f66794709acab13f34be2675f45bf89d/Brotli-1.1.0-cp313-cp313-win32.whl", hash = "sha256:43395e90523f9c23a3d5bdf004733246fba087f2948f87ab28015f12359ca6a0", size = 333804 },
    { url = "https://files.pythonhosted.org/packages/7e/c1/ec214e9c94000d1c1974ec67ced1c970c148aa6b8d8373066123fc3dbf06/Brotli-1.1.0-cp313-cp313-win_amd64.whl", hash = "sha256:9011560a466d2eb3f5a6e4929cf4a09be405c64154e12df0dd72713f6500e32b", size = 358517 },
]

[[package]]
name = "celery"
version = "5.4.0"
source = { registry = "https://pypi.org/simple" }
dependencies = [
    { name = "billiard" },
    { name = "click" },
    { name = "click-didyoumean" },
    { name = "click-plugins" },
    { name = "click-repl" },
    { name = "kombu" },
    { name = "python-dateutil" },
    { name = "tzdata" },
    { name = "vine" },
]
sdist = { url = "https://files.pythonhosted.org/packages/8a/9c/cf0bce2cc1c8971bf56629d8f180e4ca35612c7e79e6e432e785261a8be4/celery-5.4.0.tar.gz", hash = "sha256:504a19140e8d3029d5acad88330c541d4c3f64c789d85f94756762d8bca7e706", size = 1575692 }
wheels = [
    { url = "https://files.pythonhosted.org/packages/90/c4/6a4d3772e5407622feb93dd25c86ce3c0fee746fa822a777a627d56b4f2a/celery-5.4.0-py3-none-any.whl", hash = "sha256:369631eb580cf8c51a82721ec538684994f8277637edde2dfc0dacd73ed97f64", size = 425983 },
]

[[package]]
name = "certifi"
version = "2024.8.30"
source = { registry = "https://pypi.org/simple" }
sdist = { url = "https://files.pythonhosted.org/packages/b0/ee/9b19140fe824b367c04c5e1b369942dd754c4c5462d5674002f75c4dedc1/certifi-2024.8.30.tar.gz", hash = "sha256:bec941d2aa8195e248a60b31ff9f0558284cf01a52591ceda73ea9afffd69fd9", size = 168507 }
wheels = [
    { url = "https://files.pythonhosted.org/packages/12/90/3c9ff0512038035f59d279fddeb79f5f1eccd8859f06d6163c58798b9487/certifi-2024.8.30-py3-none-any.whl", hash = "sha256:922820b53db7a7257ffbda3f597266d435245903d80737e34f8a45ff3e3230d8", size = 167321 },
]

[[package]]
name = "click"
version = "8.1.7"
source = { registry = "https://pypi.org/simple" }
dependencies = [
    { name = "colorama", marker = "platform_system == 'Windows'" },
]
sdist = { url = "https://files.pythonhosted.org/packages/96/d3/f04c7bfcf5c1862a2a5b845c6b2b360488cf47af55dfa79c98f6a6bf98b5/click-8.1.7.tar.gz", hash = "sha256:ca9853ad459e787e2192211578cc907e7594e294c7ccc834310722b41b9ca6de", size = 336121 }
wheels = [
    { url = "https://files.pythonhosted.org/packages/00/2e/d53fa4befbf2cfa713304affc7ca780ce4fc1fd8710527771b58311a3229/click-8.1.7-py3-none-any.whl", hash = "sha256:ae74fb96c20a0277a1d615f1e4d73c8414f5a98db8b799a7931d1582f3390c28", size = 97941 },
]

[[package]]
name = "click-didyoumean"
version = "0.3.1"
source = { registry = "https://pypi.org/simple" }
dependencies = [
    { name = "click" },
]
sdist = { url = "https://files.pythonhosted.org/packages/30/ce/217289b77c590ea1e7c24242d9ddd6e249e52c795ff10fac2c50062c48cb/click_didyoumean-0.3.1.tar.gz", hash = "sha256:4f82fdff0dbe64ef8ab2279bd6aa3f6a99c3b28c05aa09cbfc07c9d7fbb5a463", size = 3089 }
wheels = [
    { url = "https://files.pythonhosted.org/packages/1b/5b/974430b5ffdb7a4f1941d13d83c64a0395114503cc357c6b9ae4ce5047ed/click_didyoumean-0.3.1-py3-none-any.whl", hash = "sha256:5c4bb6007cfea5f2fd6583a2fb6701a22a41eb98957e63d0fac41c10e7c3117c", size = 3631 },
]

[[package]]
name = "click-plugins"
version = "1.1.1"
source = { registry = "https://pypi.org/simple" }
dependencies = [
    { name = "click" },
]
sdist = { url = "https://files.pythonhosted.org/packages/5f/1d/45434f64ed749540af821fd7e42b8e4d23ac04b1eda7c26613288d6cd8a8/click-plugins-1.1.1.tar.gz", hash = "sha256:46ab999744a9d831159c3411bb0c79346d94a444df9a3a3742e9ed63645f264b", size = 8164 }
wheels = [
    { url = "https://files.pythonhosted.org/packages/e9/da/824b92d9942f4e472702488857914bdd50f73021efea15b4cad9aca8ecef/click_plugins-1.1.1-py2.py3-none-any.whl", hash = "sha256:5d262006d3222f5057fd81e1623d4443e41dcda5dc815c06b442aa3c02889fc8", size = 7497 },
]

[[package]]
name = "click-repl"
version = "0.3.0"
source = { registry = "https://pypi.org/simple" }
dependencies = [
    { name = "click" },
    { name = "prompt-toolkit" },
]
sdist = { url = "https://files.pythonhosted.org/packages/cb/a2/57f4ac79838cfae6912f997b4d1a64a858fb0c86d7fcaae6f7b58d267fca/click-repl-0.3.0.tar.gz", hash = "sha256:17849c23dba3d667247dc4defe1757fff98694e90fe37474f3feebb69ced26a9", size = 10449 }
wheels = [
    { url = "https://files.pythonhosted.org/packages/52/40/9d857001228658f0d59e97ebd4c346fe73e138c6de1bce61dc568a57c7f8/click_repl-0.3.0-py3-none-any.whl", hash = "sha256:fb7e06deb8da8de86180a33a9da97ac316751c094c6899382da7feeeeb51b812", size = 10289 },
]

[[package]]
name = "colorama"
version = "0.4.6"
source = { registry = "https://pypi.org/simple" }
sdist = { url = "https://files.pythonhosted.org/packages/d8/53/6f443c9a4a8358a93a6792e2acffb9d9d5cb0a5cfd8802644b7b1c9a02e4/colorama-0.4.6.tar.gz", hash = "sha256:08695f5cb7ed6e0531a20572697297273c47b8cae5a63ffc6d6ed5c201be6e44", size = 27697 }
wheels = [
    { url = "https://files.pythonhosted.org/packages/d1/d6/3965ed04c63042e047cb6a3e6ed1a63a35087b6a609aa3a15ed8ac56c221/colorama-0.4.6-py2.py3-none-any.whl", hash = "sha256:4f1d9991f5acc0ca119f9d443620b77f9d6b33703e51011c16baf57afb285fc6", size = 25335 },
]

[[package]]
name = "cron-descriptor"
version = "1.4.5"
source = { registry = "https://pypi.org/simple" }
sdist = { url = "https://files.pythonhosted.org/packages/02/83/70bd410dc6965e33a5460b7da84cf0c5a7330a68d6d5d4c3dfdb72ca117e/cron_descriptor-1.4.5.tar.gz", hash = "sha256:f51ce4ffc1d1f2816939add8524f206c376a42c87a5fca3091ce26725b3b1bca", size = 30666 }
wheels = [
    { url = "https://files.pythonhosted.org/packages/88/20/2cfe598ead23a715a00beb716477cfddd3e5948cf203c372d02221e5b0c6/cron_descriptor-1.4.5-py3-none-any.whl", hash = "sha256:736b3ae9d1a99bc3dbfc5b55b5e6e7c12031e7ba5de716625772f8b02dcd6013", size = 50370 },
]

[[package]]
name = "django"
version = "5.1.1"
source = { registry = "https://pypi.org/simple" }
dependencies = [
    { name = "asgiref" },
    { name = "sqlparse" },
    { name = "tzdata", marker = "sys_platform == 'win32'" },
]
sdist = { url = "https://files.pythonhosted.org/packages/88/6f/8f57ed6dc88656edd4fcb35c50dd963f3cd79303bd711fb0160fc7fd6ab7/Django-5.1.1.tar.gz", hash = "sha256:021ffb7fdab3d2d388bc8c7c2434eb9c1f6f4d09e6119010bbb1694dda286bc2", size = 10675933 }
wheels = [
    { url = "https://files.pythonhosted.org/packages/ba/aa/b423e37e9ba5480d3fd1d187e3fdbd09f9f71b991468881a45413522ccd3/Django-5.1.1-py3-none-any.whl", hash = "sha256:71603f27dac22a6533fb38d83072eea9ddb4017fead6f67f2562a40402d61c3f", size = 8246418 },
]

[[package]]
name = "django-celery-beat"
version = "2.7.0"
source = { registry = "https://pypi.org/simple" }
dependencies = [
    { name = "celery" },
    { name = "cron-descriptor" },
    { name = "django" },
    { name = "django-timezone-field" },
    { name = "python-crontab" },
    { name = "tzdata" },
]
sdist = { url = "https://files.pythonhosted.org/packages/03/8f/8a18f234173001bd7a7d63826d2d7f456b38031c892514d27c0f7aea10be/django_celery_beat-2.7.0.tar.gz", hash = "sha256:8482034925e09b698c05ad61c36ed2a8dbc436724a3fe119215193a4ca6dc967", size = 163472 }
wheels = [
    { url = "https://files.pythonhosted.org/packages/29/f8/f5a25472222b19258c3a53ce71c4efd171a12ab3c988bb3026dec0522a64/django_celery_beat-2.7.0-py3-none-any.whl", hash = "sha256:851c680d8fbf608ca5fecd5836622beea89fa017bc2b3f94a5b8c648c32d84b1", size = 94097 },
]

[[package]]
name = "django-celery-results"
version = "2.5.1"
source = { registry = "https://pypi.org/simple" }
dependencies = [
    { name = "celery" },
    { name = "django" },
]
sdist = { url = "https://files.pythonhosted.org/packages/75/24/a13ad6a276f62385da6d83a1995ded452d173841b6e0a83a899c3b75062e/django_celery_results-2.5.1.tar.gz", hash = "sha256:3ecb7147f773f34d0381bac6246337ce4cf88a2ea7b82774ed48e518b67bb8fd", size = 80944 }
wheels = [
    { url = "https://files.pythonhosted.org/packages/05/2e/aa82857354d5227922c2ae6e83e5214537d8f108184bfeea6704d0b045d8/django_celery_results-2.5.1-py3-none-any.whl", hash = "sha256:0da4cd5ecc049333e4524a23fcfc3460dfae91aa0a60f1fae4b6b2889c254e01", size = 36293 },
]

[[package]]
name = "django-cors-headers"
version = "4.4.0"
source = { registry = "https://pypi.org/simple" }
dependencies = [
    { name = "asgiref" },
    { name = "django" },
]
sdist = { url = "https://files.pythonhosted.org/packages/d3/34/f0c7a7241f885cbfc99b1edef0acc7915dd7a3fb749fe27de5e8a9fb2ccb/django_cors_headers-4.4.0.tar.gz", hash = "sha256:92cf4633e22af67a230a1456cb1b7a02bb213d6536d2dcb2a4a24092ea9cebc2", size = 21151 }
wheels = [
    { url = "https://files.pythonhosted.org/packages/9d/0c/4201d5650199b3a36ef3f2ab91f44c4527a70685f3003ce9f3ed8c30780c/django_cors_headers-4.4.0-py3-none-any.whl", hash = "sha256:5c6e3b7fe870876a1efdfeb4f433782c3524078fa0dc9e0195f6706ce7a242f6", size = 12789 },
]

[[package]]
name = "django-jazzmin"
version = "3.0.1"
source = { registry = "https://pypi.org/simple" }
dependencies = [
    { name = "django" },
]
sdist = { url = "https://files.pythonhosted.org/packages/84/96/21b6255e90d92a3eb4e93bea9376635d54258e0353ebb913a55e40ae9254/django_jazzmin-3.0.1.tar.gz", hash = "sha256:67ae148bade41267a09ca8e4352ddefa6121795ebbac238bb9a6564ff841eb1b", size = 2053550 }
wheels = [
    { url = "https://files.pythonhosted.org/packages/ad/5b/2f8c4b168e6c41bf1e4b14d787deb23d80f618f0693db913bbe208a4a907/django_jazzmin-3.0.1-py3-none-any.whl", hash = "sha256:12a0a4c1d4fd09c2eef22acf6a1f03112b515ba695c59faa8ea80efc81c1f21b", size = 2125957 },
]

[[package]]
name = "django-redis"
version = "5.4.0"
source = { registry = "https://pypi.org/simple" }
dependencies = [
    { name = "django" },
    { name = "redis" },
]
sdist = { url = "https://files.pythonhosted.org/packages/83/9d/2272742fdd9d0a9f0b28cd995b0539430c9467a2192e4de2cea9ea6ad38c/django-redis-5.4.0.tar.gz", hash = "sha256:6a02abaa34b0fea8bf9b707d2c363ab6adc7409950b2db93602e6cb292818c42", size = 52567 }
wheels = [
    { url = "https://files.pythonhosted.org/packages/b7/f1/63caad7c9222c26a62082f4f777de26389233b7574629996098bf6d25a4d/django_redis-5.4.0-py3-none-any.whl", hash = "sha256:ebc88df7da810732e2af9987f7f426c96204bf89319df4c6da6ca9a2942edd5b", size = 31119 },
]

[[package]]
name = "django-stubs"
version = "5.1.0"
source = { registry = "https://pypi.org/simple" }
dependencies = [
    { name = "asgiref" },
    { name = "django" },
    { name = "django-stubs-ext" },
    { name = "types-pyyaml" },
    { name = "typing-extensions" },
]
sdist = { url = "https://files.pythonhosted.org/packages/47/35/fa62c35c48e77bc4dabfe56d16786a2e9965ff89c4c55ab909c2d9f00ce8/django_stubs-5.1.0.tar.gz", hash = "sha256:86128c228b65e6c9a85e5dc56eb1c6f41125917dae0e21e6cfecdf1b27e630c5", size = 265839 }
wheels = [
    { url = "https://files.pythonhosted.org/packages/1c/d8/4561cf32a652f12d1f6edf27ac1ed6194540b44592cc85ead62a1f6fdff6/django_stubs-5.1.0-py3-none-any.whl", hash = "sha256:b98d49a80aa4adf1433a97407102d068de26c739c405431d93faad96dd282c40", size = 470607 },
]

[[package]]
name = "django-stubs-ext"
version = "5.1.0"
source = { registry = "https://pypi.org/simple" }
dependencies = [
    { name = "django" },
    { name = "typing-extensions" },
]
sdist = { url = "https://files.pythonhosted.org/packages/60/a5/dfb120bf3ce1f0da109481605f704ffe72533f056f42e8cffd5a486504a7/django_stubs_ext-5.1.0.tar.gz", hash = "sha256:ed7d51c0b731651879fc75f331fb0806d98b67bfab464e96e2724db6b46ef926", size = 9491 }
wheels = [
    { url = "https://files.pythonhosted.org/packages/eb/03/20a5a19d1b8d26eddd8420261304ee9e6accd802f5332e360daaa2202afb/django_stubs_ext-5.1.0-py3-none-any.whl", hash = "sha256:a455fc222c90b30b29ad8c53319559f5b54a99b4197205ddbb385aede03b395d", size = 8966 },
]

[[package]]
name = "django-timezone-field"
version = "7.0"
source = { registry = "https://pypi.org/simple" }
dependencies = [
    { name = "django" },
]
sdist = { url = "https://files.pythonhosted.org/packages/94/b3/992aa517b95f2e6934aa05b8160cf55f91c49c7b91e33076ea9af2f29920/django_timezone_field-7.0.tar.gz", hash = "sha256:aa6f4965838484317b7f08d22c0d91a53d64e7bbbd34264468ae83d4023898a7", size = 13683 }
wheels = [
    { url = "https://files.pythonhosted.org/packages/2a/f9/11769c4414026f1a9ce3e581731d07b084683fc7b4c580703dc71ef81347/django_timezone_field-7.0-py3-none-any.whl", hash = "sha256:3232e7ecde66ba4464abb6f9e6b8cc739b914efb9b29dc2cf2eee451f7cc2acb", size = 13161 },
]

[[package]]
name = "djangorestframework"
version = "3.15.2"
source = { registry = "https://pypi.org/simple" }
dependencies = [
    { name = "django" },
]
sdist = { url = "https://files.pythonhosted.org/packages/2c/ce/31482eb688bdb4e271027076199e1aa8d02507e530b6d272ab8b4481557c/djangorestframework-3.15.2.tar.gz", hash = "sha256:36fe88cd2d6c6bec23dca9804bab2ba5517a8bb9d8f47ebc68981b56840107ad", size = 1067420 }
wheels = [
    { url = "https://files.pythonhosted.org/packages/7c/b6/fa99d8f05eff3a9310286ae84c4059b08c301ae4ab33ae32e46e8ef76491/djangorestframework-3.15.2-py3-none-any.whl", hash = "sha256:2b8871b062ba1aefc2de01f773875441a961fefbf79f5eed1e32b2f096944b20", size = 1071235 },
]

[[package]]
name = "djate"
version = "0.1.0"
source = { virtual = "." }
dependencies = [
    { name = "amqp" },
    { name = "asgiref" },
    { name = "attrs" },
    { name = "billiard" },
    { name = "brotli" },
    { name = "celery" },
    { name = "certifi" },
    { name = "click" },
    { name = "click-didyoumean" },
    { name = "click-plugins" },
    { name = "click-repl" },
    { name = "colorama" },
    { name = "cron-descriptor" },
    { name = "django" },
    { name = "django-celery-beat" },
    { name = "django-celery-results" },
    { name = "django-cors-headers" },
    { name = "django-jazzmin" },
    { name = "django-redis" },
    { name = "django-stubs" },
    { name = "django-stubs-ext" },
    { name = "django-timezone-field" },
    { name = "djangorestframework" },
    { name = "drf-yasg" },
    { name = "gunicorn" },
    { name = "importlib-resources" },
    { name = "inflection" },
    { name = "jsonschema" },
    { name = "jsonschema-specifications" },
    { name = "kombu" },
    { name = "packaging" },
    { name = "prompt-toolkit" },
    { name = "psycopg" },
    { name = "psycopg2" },
    { name = "python-crontab" },
    { name = "python-dateutil" },
    { name = "python-dotenv" },
    { name = "pytz" },
    { name = "pyyaml" },
    { name = "redis" },
    { name = "referencing" },
    { name = "rpds-py" },
    { name = "sentry-sdk" },
    { name = "setuptools" },
    { name = "six" },
    { name = "sqlparse" },
    { name = "swagger-spec-validator" },
    { name = "types-pyyaml" },
    { name = "typing-extensions" },
    { name = "tzdata" },
    { name = "uritemplate" },
    { name = "urllib3" },
    { name = "vine" },
    { name = "wcwidth" },
    { name = "whitenoise" },
]

[package.metadata]
requires-dist = [
    { name = "amqp", specifier = "==5.2.0" },
    { name = "asgiref", specifier = "==3.8.1" },
    { name = "attrs", specifier = "==24.2.0" },
    { name = "billiard", specifier = "==4.2.0" },
    { name = "brotli", specifier = "==1.1.0" },
    { name = "celery", specifier = "==5.4.0" },
    { name = "certifi", specifier = "==2024.8.30" },
    { name = "click", specifier = "==8.1.7" },
    { name = "click-didyoumean", specifier = "==0.3.1" },
    { name = "click-plugins", specifier = "==1.1.1" },
    { name = "click-repl", specifier = "==0.3.0" },
    { name = "colorama", specifier = "==0.4.6" },
    { name = "cron-descriptor", specifier = "==1.4.5" },
    { name = "django", specifier = "==5.1.1" },
    { name = "django-celery-beat", specifier = "==2.7.0" },
    { name = "django-celery-results", specifier = "==2.5.1" },
    { name = "django-cors-headers", specifier = "==4.4.0" },
    { name = "django-jazzmin", specifier = "==3.0.1" },
    { name = "django-redis", specifier = "==5.4.0" },
    { name = "django-stubs", specifier = "==5.1.0" },
    { name = "django-stubs-ext", specifier = "==5.1.0" },
    { name = "django-timezone-field", specifier = "==7.0" },
    { name = "djangorestframework", specifier = "==3.15.2" },
    { name = "drf-yasg", specifier = "==1.21.7" },
    { name = "gunicorn", specifier = "==23.0.0" },
    { name = "importlib-resources", specifier = "==6.4.5" },
    { name = "inflection", specifier = "==0.5.1" },
    { name = "jsonschema", specifier = "==4.23.0" },
    { name = "jsonschema-specifications", specifier = "==2023.12.1" },
    { name = "kombu", specifier = "==5.4.2" },
    { name = "packaging", specifier = "==24.1" },
    { name = "prompt-toolkit", specifier = "==3.0.47" },
    { name = "psycopg", specifier = ">=3.2.3" },
    { name = "psycopg2", specifier = ">=2.9.10" },
    { name = "python-crontab", specifier = "==3.2.0" },
    { name = "python-dateutil", specifier = "==2.9.0.post0" },
    { name = "python-dotenv", specifier = "==1.0.1" },
    { name = "pytz", specifier = "==2024.1" },
    { name = "pyyaml", specifier = "==6.0.2" },
    { name = "redis", specifier = "==5.2.0" },
    { name = "referencing", specifier = "==0.35.1" },
    { name = "rpds-py", specifier = "==0.20.0" },
    { name = "sentry-sdk", specifier = "==2.17.0" },
    { name = "setuptools", specifier = "==74.1.2" },
    { name = "six", specifier = "==1.16.0" },
    { name = "sqlparse", specifier = "==0.5.1" },
    { name = "swagger-spec-validator", specifier = "==3.0.4" },
    { name = "types-pyyaml", specifier = "==6.0.12.20240917" },
    { name = "typing-extensions", specifier = "==4.12.2" },
    { name = "tzdata", specifier = "==2024.1" },
    { name = "uritemplate", specifier = "==4.1.1" },
    { name = "urllib3", specifier = "==2.2.3" },
    { name = "vine", specifier = "==5.1.0" },
    { name = "wcwidth", specifier = "==0.2.13" },
    { name = "whitenoise", specifier = "==6.7.0" },
]

[[package]]
name = "drf-yasg"
version = "1.21.7"
source = { registry = "https://pypi.org/simple" }
dependencies = [
    { name = "django" },
    { name = "djangorestframework" },
    { name = "inflection" },
    { name = "packaging" },
    { name = "pytz" },
    { name = "pyyaml" },
    { name = "uritemplate" },
]
sdist = { url = "https://files.pythonhosted.org/packages/89/e4/8f619b63bd8095f3797d41da186c707dd9add86b86341d1f350f1d15b2dd/drf-yasg-1.21.7.tar.gz", hash = "sha256:4c3b93068b3dfca6969ab111155e4dd6f7b2d680b98778de8fd460b7837bdb0d", size = 4512723 }
wheels = [
    { url = "https://files.pythonhosted.org/packages/26/a5/9fedcd955821ec3b4d26b8a723081eb0f400b7f0bc51f1f49136648423ff/drf_yasg-1.21.7-py3-none-any.whl", hash = "sha256:f85642072c35e684356475781b7ecf5d218fff2c6185c040664dd49f0a4be181", size = 4289125 },
]

[[package]]
name = "gunicorn"
version = "23.0.0"
source = { registry = "https://pypi.org/simple" }
dependencies = [
    { name = "packaging" },
]
sdist = { url = "https://files.pythonhosted.org/packages/34/72/9614c465dc206155d93eff0ca20d42e1e35afc533971379482de953521a4/gunicorn-23.0.0.tar.gz", hash = "sha256:f014447a0101dc57e294f6c18ca6b40227a4c90e9bdb586042628030cba004ec", size = 375031 }
wheels = [
    { url = "https://files.pythonhosted.org/packages/cb/7d/6dac2a6e1eba33ee43f318edbed4ff29151a49b5d37f080aad1e6469bca4/gunicorn-23.0.0-py3-none-any.whl", hash = "sha256:ec400d38950de4dfd418cff8328b2c8faed0edb0d517d3394e457c317908ca4d", size = 85029 },
]

[[package]]
name = "importlib-resources"
version = "6.4.5"
source = { registry = "https://pypi.org/simple" }
sdist = { url = "https://files.pythonhosted.org/packages/98/be/f3e8c6081b684f176b761e6a2fef02a0be939740ed6f54109a2951d806f3/importlib_resources-6.4.5.tar.gz", hash = "sha256:980862a1d16c9e147a59603677fa2aa5fd82b87f223b6cb870695bcfce830065", size = 43372 }
wheels = [
    { url = "https://files.pythonhosted.org/packages/e1/6a/4604f9ae2fa62ef47b9de2fa5ad599589d28c9fd1d335f32759813dfa91e/importlib_resources-6.4.5-py3-none-any.whl", hash = "sha256:ac29d5f956f01d5e4bb63102a5a19957f1b9175e45649977264a1416783bb717", size = 36115 },
]

[[package]]
name = "inflection"
version = "0.5.1"
source = { registry = "https://pypi.org/simple" }
sdist = { url = "https://files.pythonhosted.org/packages/e1/7e/691d061b7329bc8d54edbf0ec22fbfb2afe61facb681f9aaa9bff7a27d04/inflection-0.5.1.tar.gz", hash = "sha256:1a29730d366e996aaacffb2f1f1cb9593dc38e2ddd30c91250c6dde09ea9b417", size = 15091 }
wheels = [
    { url = "https://files.pythonhosted.org/packages/59/91/aa6bde563e0085a02a435aa99b49ef75b0a4b062635e606dab23ce18d720/inflection-0.5.1-py2.py3-none-any.whl", hash = "sha256:f38b2b640938a4f35ade69ac3d053042959b62a0f1076a5bbaa1b9526605a8a2", size = 9454 },
]

[[package]]
name = "jsonschema"
version = "4.23.0"
source = { registry = "https://pypi.org/simple" }
dependencies = [
    { name = "attrs" },
    { name = "jsonschema-specifications" },
    { name = "referencing" },
    { name = "rpds-py" },
]
sdist = { url = "https://files.pythonhosted.org/packages/38/2e/03362ee4034a4c917f697890ccd4aec0800ccf9ded7f511971c75451deec/jsonschema-4.23.0.tar.gz", hash = "sha256:d71497fef26351a33265337fa77ffeb82423f3ea21283cd9467bb03999266bc4", size = 325778 }
wheels = [
    { url = "https://files.pythonhosted.org/packages/69/4a/4f9dbeb84e8850557c02365a0eee0649abe5eb1d84af92a25731c6c0f922/jsonschema-4.23.0-py3-none-any.whl", hash = "sha256:fbadb6f8b144a8f8cf9f0b89ba94501d143e50411a1278633f56a7acf7fd5566", size = 88462 },
]

[[package]]
name = "jsonschema-specifications"
version = "2023.12.1"
source = { registry = "https://pypi.org/simple" }
dependencies = [
    { name = "referencing" },
]
sdist = { url = "https://files.pythonhosted.org/packages/f8/b9/cc0cc592e7c195fb8a650c1d5990b10175cf13b4c97465c72ec841de9e4b/jsonschema_specifications-2023.12.1.tar.gz", hash = "sha256:48a76787b3e70f5ed53f1160d2b81f586e4ca6d1548c5de7085d1682674764cc", size = 13983 }
wheels = [
    { url = "https://files.pythonhosted.org/packages/ee/07/44bd408781594c4d0a027666ef27fab1e441b109dc3b76b4f836f8fd04fe/jsonschema_specifications-2023.12.1-py3-none-any.whl", hash = "sha256:87e4fdf3a94858b8a2ba2778d9ba57d8a9cafca7c7489c46ba0d30a8bc6a9c3c", size = 18482 },
]

[[package]]
name = "kombu"
version = "5.4.2"
source = { registry = "https://pypi.org/simple" }
dependencies = [
    { name = "amqp" },
    { name = "tzdata" },
    { name = "vine" },
]
sdist = { url = "https://files.pythonhosted.org/packages/38/4d/b93fcb353d279839cc35d0012bee805ed0cf61c07587916bfc35dbfddaf1/kombu-5.4.2.tar.gz", hash = "sha256:eef572dd2fd9fc614b37580e3caeafdd5af46c1eff31e7fba89138cdb406f2cf", size = 442858 }
wheels = [
    { url = "https://files.pythonhosted.org/packages/87/ec/7811a3cf9fdfee3ee88e54d08fcbc3fabe7c1b6e4059826c59d7b795651c/kombu-5.4.2-py3-none-any.whl", hash = "sha256:14212f5ccf022fc0a70453bb025a1dcc32782a588c49ea866884047d66e14763", size = 201349 },
]

[[package]]
name = "packaging"
version = "24.1"
source = { registry = "https://pypi.org/simple" }
sdist = { url = "https://files.pythonhosted.org/packages/51/65/50db4dda066951078f0a96cf12f4b9ada6e4b811516bf0262c0f4f7064d4/packaging-24.1.tar.gz", hash = "sha256:026ed72c8ed3fcce5bf8950572258698927fd1dbda10a5e981cdf0ac37f4f002", size = 148788 }
wheels = [
    { url = "https://files.pythonhosted.org/packages/08/aa/cc0199a5f0ad350994d660967a8efb233fe0416e4639146c089643407ce6/packaging-24.1-py3-none-any.whl", hash = "sha256:5b8f2217dbdbd2f7f384c41c628544e6d52f2d0f53c6d0c3ea61aa5d1d7ff124", size = 53985 },
]

[[package]]
name = "prompt-toolkit"
version = "3.0.47"
source = { registry = "https://pypi.org/simple" }
dependencies = [
    { name = "wcwidth" },
]
sdist = { url = "https://files.pythonhosted.org/packages/47/6d/0279b119dafc74c1220420028d490c4399b790fc1256998666e3a341879f/prompt_toolkit-3.0.47.tar.gz", hash = "sha256:1e1b29cb58080b1e69f207c893a1a7bf16d127a5c30c9d17a25a5d77792e5360", size = 425859 }
wheels = [
    { url = "https://files.pythonhosted.org/packages/e8/23/22750c4b768f09386d1c3cc4337953e8936f48a888fa6dddfb669b2c9088/prompt_toolkit-3.0.47-py3-none-any.whl", hash = "sha256:0d7bfa67001d5e39d02c224b663abc33687405033a8c422d0d675a5a13361d10", size = 386411 },
]

[[package]]
name = "psycopg"
version = "3.2.3"
source = { registry = "https://pypi.org/simple" }
dependencies = [
    { name = "tzdata", marker = "sys_platform == 'win32'" },
]
sdist = { url = "https://files.pythonhosted.org/packages/d1/ad/7ce016ae63e231575df0498d2395d15f005f05e32d3a2d439038e1bd0851/psycopg-3.2.3.tar.gz", hash = "sha256:a5764f67c27bec8bfac85764d23c534af2c27b893550377e37ce59c12aac47a2", size = 155550 }
wheels = [
    { url = "https://files.pythonhosted.org/packages/ce/21/534b8f5bd9734b7a2fcd3a16b1ee82ef6cad81a4796e95ebf4e0c6a24119/psycopg-3.2.3-py3-none-any.whl", hash = "sha256:644d3973fe26908c73d4be746074f6e5224b03c1101d302d9a53bf565ad64907", size = 197934 },
]

[[package]]
name = "psycopg2"
version = "2.9.10"
source = { registry = "https://pypi.org/simple" }
sdist = { url = "https://files.pythonhosted.org/packages/62/51/2007ea29e605957a17ac6357115d0c1a1b60c8c984951c19419b3474cdfd/psycopg2-2.9.10.tar.gz", hash = "sha256:12ec0b40b0273f95296233e8750441339298e6a572f7039da5b260e3c8b60e11", size = 385672 }

[[package]]
name = "python-crontab"
version = "3.2.0"
source = { registry = "https://pypi.org/simple" }
dependencies = [
    { name = "python-dateutil" },
]
sdist = { url = "https://files.pythonhosted.org/packages/e2/f0/25775565c133d4e29eeb607bf9ddba0075f3af36041a1844dd207881047f/python_crontab-3.2.0.tar.gz", hash = "sha256:40067d1dd39ade3460b2ad8557c7651514cd3851deffff61c5c60e1227c5c36b", size = 57001 }
wheels = [
    { url = "https://files.pythonhosted.org/packages/3b/91/832fb3b3a1f62bd2ab4924f6be0c7736c9bc4f84d3b153b74efcf6d4e4a1/python_crontab-3.2.0-py3-none-any.whl", hash = "sha256:82cb9b6a312d41ff66fd3caf3eed7115c28c195bfb50711bc2b4b9592feb9fe5", size = 27351 },
]

[[package]]
name = "python-dateutil"
version = "2.9.0.post0"
source = { registry = "https://pypi.org/simple" }
dependencies = [
    { name = "six" },
]
sdist = { url = "https://files.pythonhosted.org/packages/66/c0/0c8b6ad9f17a802ee498c46e004a0eb49bc148f2fd230864601a86dcf6db/python-dateutil-2.9.0.post0.tar.gz", hash = "sha256:37dd54208da7e1cd875388217d5e00ebd4179249f90fb72437e91a35459a0ad3", size = 342432 }
wheels = [
    { url = "https://files.pythonhosted.org/packages/ec/57/56b9bcc3c9c6a792fcbaf139543cee77261f3651ca9da0c93f5c1221264b/python_dateutil-2.9.0.post0-py2.py3-none-any.whl", hash = "sha256:a8b2bc7bffae282281c8140a97d3aa9c14da0b136dfe83f850eea9a5f7470427", size = 229892 },
]

[[package]]
name = "python-dotenv"
version = "1.0.1"
source = { registry = "https://pypi.org/simple" }
sdist = { url = "https://files.pythonhosted.org/packages/bc/57/e84d88dfe0aec03b7a2d4327012c1627ab5f03652216c63d49846d7a6c58/python-dotenv-1.0.1.tar.gz", hash = "sha256:e324ee90a023d808f1959c46bcbc04446a10ced277783dc6ee09987c37ec10ca", size = 39115 }
wheels = [
    { url = "https://files.pythonhosted.org/packages/6a/3e/b68c118422ec867fa7ab88444e1274aa40681c606d59ac27de5a5588f082/python_dotenv-1.0.1-py3-none-any.whl", hash = "sha256:f7b63ef50f1b690dddf550d03497b66d609393b40b564ed0d674909a68ebf16a", size = 19863 },
]

[[package]]
name = "pytz"
version = "2024.1"
source = { registry = "https://pypi.org/simple" }
sdist = { url = "https://files.pythonhosted.org/packages/90/26/9f1f00a5d021fff16dee3de13d43e5e978f3d58928e129c3a62cf7eb9738/pytz-2024.1.tar.gz", hash = "sha256:2a29735ea9c18baf14b448846bde5a48030ed267578472d8955cd0e7443a9812", size = 316214 }
wheels = [
    { url = "https://files.pythonhosted.org/packages/9c/3d/a121f284241f08268b21359bd425f7d4825cffc5ac5cd0e1b3d82ffd2b10/pytz-2024.1-py2.py3-none-any.whl", hash = "sha256:328171f4e3623139da4983451950b28e95ac706e13f3f2630a879749e7a8b319", size = 505474 },
]

[[package]]
name = "pyyaml"
version = "6.0.2"
source = { registry = "https://pypi.org/simple" }
sdist = { url = "https://files.pythonhosted.org/packages/54/ed/79a089b6be93607fa5cdaedf301d7dfb23af5f25c398d5ead2525b063e17/pyyaml-6.0.2.tar.gz", hash = "sha256:d584d9ec91ad65861cc08d42e834324ef890a082e591037abe114850ff7bbc3e", size = 130631 }
wheels = [
    { url = "https://files.pythonhosted.org/packages/ef/e3/3af305b830494fa85d95f6d95ef7fa73f2ee1cc8ef5b495c7c3269fb835f/PyYAML-6.0.2-cp313-cp313-macosx_10_13_x86_64.whl", hash = "sha256:efdca5630322a10774e8e98e1af481aad470dd62c3170801852d752aa7a783ba", size = 181309 },
    { url = "https://files.pythonhosted.org/packages/45/9f/3b1c20a0b7a3200524eb0076cc027a970d320bd3a6592873c85c92a08731/PyYAML-6.0.2-cp313-cp313-macosx_11_0_arm64.whl", hash = "sha256:50187695423ffe49e2deacb8cd10510bc361faac997de9efef88badc3bb9e2d1", size = 171679 },
    { url = "https://files.pythonhosted.org/packages/7c/9a/337322f27005c33bcb656c655fa78325b730324c78620e8328ae28b64d0c/PyYAML-6.0.2-cp313-cp313-manylinux_2_17_aarch64.manylinux2014_aarch64.whl", hash = "sha256:0ffe8360bab4910ef1b9e87fb812d8bc0a308b0d0eef8c8f44e0254ab3b07133", size = 733428 },
    { url = "https://files.pythonhosted.org/packages/a3/69/864fbe19e6c18ea3cc196cbe5d392175b4cf3d5d0ac1403ec3f2d237ebb5/PyYAML-6.0.2-cp313-cp313-manylinux_2_17_s390x.manylinux2014_s390x.whl", hash = "sha256:17e311b6c678207928d649faa7cb0d7b4c26a0ba73d41e99c4fff6b6c3276484", size = 763361 },
    { url = "https://files.pythonhosted.org/packages/04/24/b7721e4845c2f162d26f50521b825fb061bc0a5afcf9a386840f23ea19fa/PyYAML-6.0.2-cp313-cp313-manylinux_2_17_x86_64.manylinux2014_x86_64.whl", hash = "sha256:70b189594dbe54f75ab3a1acec5f1e3faa7e8cf2f1e08d9b561cb41b845f69d5", size = 759523 },
    { url = "https://files.pythonhosted.org/packages/2b/b2/e3234f59ba06559c6ff63c4e10baea10e5e7df868092bf9ab40e5b9c56b6/PyYAML-6.0.2-cp313-cp313-musllinux_1_1_aarch64.whl", hash = "sha256:41e4e3953a79407c794916fa277a82531dd93aad34e29c2a514c2c0c5fe971cc", size = 726660 },
    { url = "https://files.pythonhosted.org/packages/fe/0f/25911a9f080464c59fab9027482f822b86bf0608957a5fcc6eaac85aa515/PyYAML-6.0.2-cp313-cp313-musllinux_1_1_x86_64.whl", hash = "sha256:68ccc6023a3400877818152ad9a1033e3db8625d899c72eacb5a668902e4d652", size = 751597 },
    { url = "https://files.pythonhosted.org/packages/14/0d/e2c3b43bbce3cf6bd97c840b46088a3031085179e596d4929729d8d68270/PyYAML-6.0.2-cp313-cp313-win32.whl", hash = "sha256:bc2fa7c6b47d6bc618dd7fb02ef6fdedb1090ec036abab80d4681424b84c1183", size = 140527 },
    { url = "https://files.pythonhosted.org/packages/fa/de/02b54f42487e3d3c6efb3f89428677074ca7bf43aae402517bc7cca949f3/PyYAML-6.0.2-cp313-cp313-win_amd64.whl", hash = "sha256:8388ee1976c416731879ac16da0aff3f63b286ffdd57cdeb95f3f2e085687563", size = 156446 },
]

[[package]]
name = "redis"
version = "5.2.0"
source = { registry = "https://pypi.org/simple" }
sdist = { url = "https://files.pythonhosted.org/packages/53/17/2f4a87ffa4cd93714cf52edfa3ea94589e9de65f71e9f99cbcfa84347a53/redis-5.2.0.tar.gz", hash = "sha256:0b1087665a771b1ff2e003aa5bdd354f15a70c9e25d5a7dbf9c722c16528a7b0", size = 4607878 }
wheels = [
    { url = "https://files.pythonhosted.org/packages/12/f5/ffa560ecc4bafbf25f7961c3d6f50d627a90186352e27e7d0ba5b1f6d87d/redis-5.2.0-py3-none-any.whl", hash = "sha256:ae174f2bb3b1bf2b09d54bf3e51fbc1469cf6c10aa03e21141f51969801a7897", size = 261428 },
]

[[package]]
name = "referencing"
version = "0.35.1"
source = { registry = "https://pypi.org/simple" }
dependencies = [
    { name = "attrs" },
    { name = "rpds-py" },
]
sdist = { url = "https://files.pythonhosted.org/packages/99/5b/73ca1f8e72fff6fa52119dbd185f73a907b1989428917b24cff660129b6d/referencing-0.35.1.tar.gz", hash = "sha256:25b42124a6c8b632a425174f24087783efb348a6f1e0008e63cd4466fedf703c", size = 62991 }
wheels = [
    { url = "https://files.pythonhosted.org/packages/b7/59/2056f61236782a2c86b33906c025d4f4a0b17be0161b63b70fd9e8775d36/referencing-0.35.1-py3-none-any.whl", hash = "sha256:eda6d3234d62814d1c64e305c1331c9a3a6132da475ab6382eaa997b21ee75de", size = 26684 },
]

[[package]]
name = "rpds-py"
version = "0.20.0"
source = { registry = "https://pypi.org/simple" }
sdist = { url = "https://files.pythonhosted.org/packages/55/64/b693f262791b818880d17268f3f8181ef799b0d187f6f731b1772e05a29a/rpds_py-0.20.0.tar.gz", hash = "sha256:d72a210824facfdaf8768cf2d7ca25a042c30320b3020de2fa04640920d4e121", size = 25814 }
wheels = [
    { url = "https://files.pythonhosted.org/packages/99/32/43b919a0a423c270a838ac2726b1c7168b946f2563fd99a51aaa9692d00f/rpds_py-0.20.0-cp313-cp313-macosx_10_12_x86_64.whl", hash = "sha256:aa9a0521aeca7d4941499a73ad7d4f8ffa3d1affc50b9ea11d992cd7eff18a29", size = 321465 },
    { url = "https://files.pythonhosted.org/packages/58/a9/c4d899cb28e9e47b0ff12462e8f827381f243176036f17bef9c1604667f2/rpds_py-0.20.0-cp313-cp313-macosx_11_0_arm64.whl", hash = "sha256:4a1f1d51eccb7e6c32ae89243cb352389228ea62f89cd80823ea7dd1b98e0b91", size = 312900 },
    { url = "https://files.pythonhosted.org/packages/8f/90/9e51670575b5dfaa8c823369ef7d943087bfb73d4f124a99ad6ef19a2b26/rpds_py-0.20.0-cp313-cp313-manylinux_2_17_aarch64.manylinux2014_aarch64.whl", hash = "sha256:8a86a9b96070674fc88b6f9f71a97d2c1d3e5165574615d1f9168ecba4cecb24", size = 370973 },
    { url = "https://files.pythonhosted.org/packages/fc/c1/523f2a03f853fc0d4c1acbef161747e9ab7df0a8abf6236106e333540921/rpds_py-0.20.0-cp313-cp313-manylinux_2_17_armv7l.manylinux2014_armv7l.whl", hash = "sha256:6c8ef2ebf76df43f5750b46851ed1cdf8f109d7787ca40035fe19fbdc1acc5a7", size = 370890 },
    { url = "https://files.pythonhosted.org/packages/51/ca/2458a771f16b0931de4d384decbe43016710bc948036c8f4562d6e063437/rpds_py-0.20.0-cp313-cp313-manylinux_2_17_ppc64le.manylinux2014_ppc64le.whl", hash = "sha256:b74b25f024b421d5859d156750ea9a65651793d51b76a2e9238c05c9d5f203a9", size = 397174 },
    { url = "https://files.pythonhosted.org/packages/00/7d/6e06807f6305ea2408b364efb0eef83a6e21b5e7b5267ad6b473b9a7e416/rpds_py-0.20.0-cp313-cp313-manylinux_2_17_s390x.manylinux2014_s390x.whl", hash = "sha256:57eb94a8c16ab08fef6404301c38318e2c5a32216bf5de453e2714c964c125c8", size = 426449 },
    { url = "https://files.pythonhosted.org/packages/8c/d1/6c9e65260a819a1714510a7d69ac1d68aa23ee9ce8a2d9da12187263c8fc/rpds_py-0.20.0-cp313-cp313-manylinux_2_17_x86_64.manylinux2014_x86_64.whl", hash = "sha256:e1940dae14e715e2e02dfd5b0f64a52e8374a517a1e531ad9412319dc3ac7879", size = 357698 },
    { url = "https://files.pythonhosted.org/packages/5d/fb/ecea8b5286d2f03eec922be7173a03ed17278944f7c124348f535116db15/rpds_py-0.20.0-cp313-cp313-manylinux_2_5_i686.manylinux1_i686.whl", hash = "sha256:d20277fd62e1b992a50c43f13fbe13277a31f8c9f70d59759c88f644d66c619f", size = 378530 },
    { url = "https://files.pythonhosted.org/packages/e3/e3/ac72f858957f52a109c588589b73bd2fad4a0fc82387fb55fb34aeb0f9cd/rpds_py-0.20.0-cp313-cp313-musllinux_1_2_aarch64.whl", hash = "sha256:06db23d43f26478303e954c34c75182356ca9aa7797d22c5345b16871ab9c45c", size = 545753 },
    { url = "https://files.pythonhosted.org/packages/b2/a4/a27683b519d5fc98e4390a3b130117d80fd475c67aeda8aac83c0e8e326a/rpds_py-0.20.0-cp313-cp313-musllinux_1_2_i686.whl", hash = "sha256:b2a5db5397d82fa847e4c624b0c98fe59d2d9b7cf0ce6de09e4d2e80f8f5b3f2", size = 552443 },
    { url = "https://files.pythonhosted.org/packages/a1/ed/c074d248409b4432b1ccb2056974175fa0af2d1bc1f9c21121f80a358fa3/rpds_py-0.20.0-cp313-cp313-musllinux_1_2_x86_64.whl", hash = "sha256:5a35df9f5548fd79cb2f52d27182108c3e6641a4feb0f39067911bf2adaa3e57", size = 528380 },
    { url = "https://files.pythonhosted.org/packages/d5/bd/04caf938895d2d78201e89c0c8a94dfd9990c34a19ff52fb01d0912343e3/rpds_py-0.20.0-cp313-none-win32.whl", hash = "sha256:fd2d84f40633bc475ef2d5490b9c19543fbf18596dcb1b291e3a12ea5d722f7a", size = 200540 },
    { url = "https://files.pythonhosted.org/packages/95/cc/109eb8b9863680411ae703664abacaa035820c7755acc9686d5dd02cdd2e/rpds_py-0.20.0-cp313-none-win_amd64.whl", hash = "sha256:9bc2d153989e3216b0559251b0c260cfd168ec78b1fac33dd485750a228db5a2", size = 214111 },
]

[[package]]
name = "sentry-sdk"
version = "2.17.0"
source = { registry = "https://pypi.org/simple" }
dependencies = [
    { name = "certifi" },
    { name = "urllib3" },
]
sdist = { url = "https://files.pythonhosted.org/packages/b1/83/7d0956a71ac894717099be3669ca7b8f164bccbcfb570b2f02817d0a0068/sentry_sdk-2.17.0.tar.gz", hash = "sha256:dd0a05352b78ffeacced73a94e86f38b32e2eae15fff5f30ca5abb568a72eacf", size = 290959 }
wheels = [
    { url = "https://files.pythonhosted.org/packages/10/63/8e80fff3aa15488bc332ede44165a397a29bb13ec4a4b2236299e3b66067/sentry_sdk-2.17.0-py2.py3-none-any.whl", hash = "sha256:625955884b862cc58748920f9e21efdfb8e0d4f98cca4ab0d3918576d5b606ad", size = 314520 },
]

[[package]]
name = "setuptools"
version = "74.1.2"
source = { registry = "https://pypi.org/simple" }
sdist = { url = "https://files.pythonhosted.org/packages/3e/2c/f0a538a2f91ce633a78daaeb34cbfb93a54bd2132a6de1f6cec028eee6ef/setuptools-74.1.2.tar.gz", hash = "sha256:95b40ed940a1c67eb70fc099094bd6e99c6ee7c23aa2306f4d2697ba7916f9c6", size = 1356467 }
wheels = [
    { url = "https://files.pythonhosted.org/packages/cb/9c/9ad11ac06b97e55ada655f8a6bea9d1d3f06e120b178cd578d80e558191d/setuptools-74.1.2-py3-none-any.whl", hash = "sha256:5f4c08aa4d3ebcb57a50c33b1b07e94315d7fc7230f7115e47fc99776c8ce308", size = 1262071 },
]

[[package]]
name = "six"
version = "1.16.0"
source = { registry = "https://pypi.org/simple" }
sdist = { url = "https://files.pythonhosted.org/packages/71/39/171f1c67cd00715f190ba0b100d606d440a28c93c7714febeca8b79af85e/six-1.16.0.tar.gz", hash = "sha256:1e61c37477a1626458e36f7b1d82aa5c9b094fa4802892072e49de9c60c4c926", size = 34041 }
wheels = [
    { url = "https://files.pythonhosted.org/packages/d9/5a/e7c31adbe875f2abbb91bd84cf2dc52d792b5a01506781dbcf25c91daf11/six-1.16.0-py2.py3-none-any.whl", hash = "sha256:8abb2f1d86890a2dfb989f9a77cfcfd3e47c2a354b01111771326f8aa26e0254", size = 11053 },
]

[[package]]
name = "sqlparse"
version = "0.5.1"
source = { registry = "https://pypi.org/simple" }
sdist = { url = "https://files.pythonhosted.org/packages/73/82/dfa23ec2cbed08a801deab02fe7c904bfb00765256b155941d789a338c68/sqlparse-0.5.1.tar.gz", hash = "sha256:bb6b4df465655ef332548e24f08e205afc81b9ab86cb1c45657a7ff173a3a00e", size = 84502 }
wheels = [
    { url = "https://files.pythonhosted.org/packages/5d/a5/b2860373aa8de1e626b2bdfdd6df4355f0565b47e51f7d0c54fe70faf8fe/sqlparse-0.5.1-py3-none-any.whl", hash = "sha256:773dcbf9a5ab44a090f3441e2180efe2560220203dc2f8c0b0fa141e18b505e4", size = 44156 },
]

[[package]]
name = "swagger-spec-validator"
version = "3.0.4"
source = { registry = "https://pypi.org/simple" }
dependencies = [
    { name = "importlib-resources" },
    { name = "jsonschema" },
    { name = "pyyaml" },
    { name = "typing-extensions" },
]
sdist = { url = "https://files.pythonhosted.org/packages/e7/e9/d0a4a1e4ed6b4b805d5465affaeaa2d91ae08a8aae966f4bb7402e23ee37/swagger_spec_validator-3.0.4.tar.gz", hash = "sha256:637ac6d865270bfcd07df24605548e6e1f1d9c39adcfd855da37fa3fdebfed4b", size = 22355 }
wheels = [
    { url = "https://files.pythonhosted.org/packages/f4/ac/31ba87a959b19e640ebc18851438b82b5b66cef02ad31da7468d1d8bd625/swagger_spec_validator-3.0.4-py2.py3-none-any.whl", hash = "sha256:1a2a4f4f7076479ae7835d892dd53952ccca9414efa172c440c775cf0ac01f48", size = 28473 },
]

[[package]]
name = "types-pyyaml"
version = "6.0.12.20240917"
source = { registry = "https://pypi.org/simple" }
sdist = { url = "https://files.pythonhosted.org/packages/92/7d/a95df0a11f95c8f48d7683f03e4aed1a2c0fc73e9de15cca4d38034bea1a/types-PyYAML-6.0.12.20240917.tar.gz", hash = "sha256:d1405a86f9576682234ef83bcb4e6fff7c9305c8b1fbad5e0bcd4f7dbdc9c587", size = 12381 }
wheels = [
    { url = "https://files.pythonhosted.org/packages/9e/2c/c1d81d680997d24b0542aa336f0a65bd7835e5224b7670f33a7d617da379/types_PyYAML-6.0.12.20240917-py3-none-any.whl", hash = "sha256:392b267f1c0fe6022952462bf5d6523f31e37f6cea49b14cee7ad634b6301570", size = 15264 },
]

[[package]]
name = "typing-extensions"
version = "4.12.2"
source = { registry = "https://pypi.org/simple" }
sdist = { url = "https://files.pythonhosted.org/packages/df/db/f35a00659bc03fec321ba8bce9420de607a1d37f8342eee1863174c69557/typing_extensions-4.12.2.tar.gz", hash = "sha256:1a7ead55c7e559dd4dee8856e3a88b41225abfe1ce8df57b7c13915fe121ffb8", size = 85321 }
wheels = [
    { url = "https://files.pythonhosted.org/packages/26/9f/ad63fc0248c5379346306f8668cda6e2e2e9c95e01216d2b8ffd9ff037d0/typing_extensions-4.12.2-py3-none-any.whl", hash = "sha256:04e5ca0351e0f3f85c6853954072df659d0d13fac324d0072316b67d7794700d", size = 37438 },
]

[[package]]
name = "tzdata"
version = "2024.1"
source = { registry = "https://pypi.org/simple" }
sdist = { url = "https://files.pythonhosted.org/packages/74/5b/e025d02cb3b66b7b76093404392d4b44343c69101cc85f4d180dd5784717/tzdata-2024.1.tar.gz", hash = "sha256:2674120f8d891909751c38abcdfd386ac0a5a1127954fbc332af6b5ceae07efd", size = 190559 }
wheels = [
    { url = "https://files.pythonhosted.org/packages/65/58/f9c9e6be752e9fcb8b6a0ee9fb87e6e7a1f6bcab2cdc73f02bb7ba91ada0/tzdata-2024.1-py2.py3-none-any.whl", hash = "sha256:9068bc196136463f5245e51efda838afa15aaeca9903f49050dfa2679db4d252", size = 345370 },
]

[[package]]
name = "uritemplate"
version = "4.1.1"
source = { registry = "https://pypi.org/simple" }
sdist = { url = "https://files.pythonhosted.org/packages/d2/5a/4742fdba39cd02a56226815abfa72fe0aa81c33bed16ed045647d6000eba/uritemplate-4.1.1.tar.gz", hash = "sha256:4346edfc5c3b79f694bccd6d6099a322bbeb628dbf2cd86eea55a456ce5124f0", size = 273898 }
wheels = [
    { url = "https://files.pythonhosted.org/packages/81/c0/7461b49cd25aeece13766f02ee576d1db528f1c37ce69aee300e075b485b/uritemplate-4.1.1-py2.py3-none-any.whl", hash = "sha256:830c08b8d99bdd312ea4ead05994a38e8936266f84b9a7878232db50b044e02e", size = 10356 },
]

[[package]]
name = "urllib3"
version = "2.2.3"
source = { registry = "https://pypi.org/simple" }
sdist = { url = "https://files.pythonhosted.org/packages/ed/63/22ba4ebfe7430b76388e7cd448d5478814d3032121827c12a2cc287e2260/urllib3-2.2.3.tar.gz", hash = "sha256:e7d814a81dad81e6caf2ec9fdedb284ecc9c73076b62654547cc64ccdcae26e9", size = 300677 }
wheels = [
    { url = "https://files.pythonhosted.org/packages/ce/d9/5f4c13cecde62396b0d3fe530a50ccea91e7dfc1ccf0e09c228841bb5ba8/urllib3-2.2.3-py3-none-any.whl", hash = "sha256:ca899ca043dcb1bafa3e262d73aa25c465bfb49e0bd9dd5d59f1d0acba2f8fac", size = 126338 },
]

[[package]]
name = "vine"
version = "5.1.0"
source = { registry = "https://pypi.org/simple" }
sdist = { url = "https://files.pythonhosted.org/packages/bd/e4/d07b5f29d283596b9727dd5275ccbceb63c44a1a82aa9e4bfd20426762ac/vine-5.1.0.tar.gz", hash = "sha256:8b62e981d35c41049211cf62a0a1242d8c1ee9bd15bb196ce38aefd6799e61e0", size = 48980 }
wheels = [
    { url = "https://files.pythonhosted.org/packages/03/ff/7c0c86c43b3cbb927e0ccc0255cb4057ceba4799cd44ae95174ce8e8b5b2/vine-5.1.0-py3-none-any.whl", hash = "sha256:40fdf3c48b2cfe1c38a49e9ae2da6fda88e4794c810050a728bd7413811fb1dc", size = 9636 },
]

[[package]]
name = "wcwidth"
version = "0.2.13"
source = { registry = "https://pypi.org/simple" }
sdist = { url = "https://files.pythonhosted.org/packages/6c/63/53559446a878410fc5a5974feb13d31d78d752eb18aeba59c7fef1af7598/wcwidth-0.2.13.tar.gz", hash = "sha256:72ea0c06399eb286d978fdedb6923a9eb47e1c486ce63e9b4e64fc18303972b5", size = 101301 }
wheels = [
    { url = "https://files.pythonhosted.org/packages/fd/84/fd2ba7aafacbad3c4201d395674fc6348826569da3c0937e75505ead3528/wcwidth-0.2.13-py2.py3-none-any.whl", hash = "sha256:3da69048e4540d84af32131829ff948f1e022c1c6bdb8d6102117aac784f6859", size = 34166 },
]

[[package]]
name = "whitenoise"
version = "6.7.0"
source = { registry = "https://pypi.org/simple" }
sdist = { url = "https://files.pythonhosted.org/packages/64/b8/86451d63ef5e1a9c480b52759d9db25ba85c3420ebdaf039057ed152a4c1/whitenoise-6.7.0.tar.gz", hash = "sha256:58c7a6cd811e275a6c91af22e96e87da0b1109e9a53bb7464116ef4c963bf636", size = 24973 }
wheels = [
    { url = "https://files.pythonhosted.org/packages/b8/42/68400d8ad59f67a1f7e12c2f39089ce005f08f73333f3e215f3d5ed6453c/whitenoise-6.7.0-py3-none-any.whl", hash = "sha256:a1ae85e01fdc9815d12fa33f17765bc132ed2c54fa76daf9e39e879dd93566f6", size = 19905 },
]
